
Microsoft Visual Studio Solution File, Format Version 12.00
# Visual Studio Version 17
VisualStudioVersion = 17.5.33627.172
MinimumVisualStudioVersion = 10.0.40219.1
Project("{FAE04EC0-301F-11D3-BF4B-00C04F79EFBC}") = "Tik-Tak-Toe", "Tik-Tak-Toe\Tik-Tak-Toe.csproj", "{31484A68-607A-4EED-A6E6-178835294771}"
EndProject
Global
	GlobalSection(SolutionConfigurationPlatforms) = preSolution
		Debug|Any CPU = Debug|Any CPU
		Release|Any CPU = Release|Any CPU
	EndGlobalSection
	GlobalSection(ProjectConfigurationPlatforms) = postSolution
		{31484A68-607A-4EED-A6E6-178835294771}.Debug|Any CPU.ActiveCfg = Debug|Any CPU
		{31484A68-607A-4EED-A6E6-178835294771}.Debug|Any CPU.Build.0 = Debug|Any CPU
		{31484A68-607A-4EED-A6E6-178835294771}.Release|Any CPU.ActiveCfg = Release|Any CPU
		{31484A68-607A-4EED-A6E6-178835294771}.Release|Any CPU.Build.0 = Release|Any CPU
	EndGlobalSection
	GlobalSection(SolutionProperties) = preSolution
		HideSolutionNode = FALSE
	EndGlobalSection
	GlobalSection(ExtensibilityGlobals) = postSolution
		SolutionGuid = {08D2208A-D831-4303-BA6F-9491C5DC260B}
	EndGlobalSection
EndGlobal
